
Microsoft Visual Studio Solution File, Format Version 12.00
# Visual Studio Version 17
VisualStudioVersion = 17.4.33122.133
MinimumVisualStudioVersion = 10.0.40219.1
Project("{9A19103F-16F7-4668-BE54-9A1E7A4F7556}") = "BrewWholesaleAPI", "BrewWholesaleAPI\BrewWholesaleAPI.csproj", "{01D3DF95-C225-40DC-A3A1-5E345B2820D9}"
EndProject
Project("{9A19103F-16F7-4668-BE54-9A1E7A4F7556}") = "BrewWholesaleAPI.Core", "BrewWholesaleAPI.Core\BrewWholesaleAPI.Core.csproj", "{9CACF3DF-ADD8-4AE6-9E58-757F168B742F}"
EndProject
Project("{2150E333-8FDC-42A3-9474-1A3956D46DE8}") = "Solution Items", "Solution Items", "{768EE327-DB83-40A7-A612-4FF5E0B19784}"
	ProjectSection(SolutionItems) = preProject
		.editorconfig = .editorconfig
	EndProjectSection
EndProject
Global
	GlobalSection(SolutionConfigurationPlatforms) = preSolution
		Debug|Any CPU = Debug|Any CPU
		Release|Any CPU = Release|Any CPU
	EndGlobalSection
	GlobalSection(ProjectConfigurationPlatforms) = postSolution
		{01D3DF95-C225-40DC-A3A1-5E345B2820D9}.Debug|Any CPU.ActiveCfg = Debug|Any CPU
		{01D3DF95-C225-40DC-A3A1-5E345B2820D9}.Debug|Any CPU.Build.0 = Debug|Any CPU
		{01D3DF95-C225-40DC-A3A1-5E345B2820D9}.Release|Any CPU.ActiveCfg = Release|Any CPU
		{01D3DF95-C225-40DC-A3A1-5E345B2820D9}.Release|Any CPU.Build.0 = Release|Any CPU
		{9CACF3DF-ADD8-4AE6-9E58-757F168B742F}.Debug|Any CPU.ActiveCfg = Debug|Any CPU
		{9CACF3DF-ADD8-4AE6-9E58-757F168B742F}.Debug|Any CPU.Build.0 = Debug|Any CPU
		{9CACF3DF-ADD8-4AE6-9E58-757F168B742F}.Release|Any CPU.ActiveCfg = Release|Any CPU
		{9CACF3DF-ADD8-4AE6-9E58-757F168B742F}.Release|Any CPU.Build.0 = Release|Any CPU
	EndGlobalSection
	GlobalSection(SolutionProperties) = preSolution
		HideSolutionNode = FALSE
	EndGlobalSection
	GlobalSection(ExtensibilityGlobals) = postSolution
		SolutionGuid = {0E1C13AD-A5EB-4352-9007-7074FE3AC932}
	EndGlobalSection
EndGlobal
